
Microsoft Visual Studio Solution File, Format Version 12.00
Project("{FAE04EC0-301F-11D3-BF4B-00C04F79EFBC}") = "FactoryMethod", "FactoryMethod\FactoryMethod.csproj", "{B121CFE9-65E0-48E9-BC49-A88D9DC0512F}"
EndProject
Project("{FAE04EC0-301F-11D3-BF4B-00C04F79EFBC}") = "AbstractFactory", "AbstractFactory\AbstractFactory.csproj", "{457D0E13-38D0-47DD-8D96-5A4E01CE24E3}"
EndProject
Project("{FAE04EC0-301F-11D3-BF4B-00C04F79EFBC}") = "Builder", "Builder\Builder.csproj", "{A78A07F8-9EB4-47D6-BFF3-885AAFCAC4E5}"
EndProject
Project("{FAE04EC0-301F-11D3-BF4B-00C04F79EFBC}") = "Prototype", "Prototype\Prototype.csproj", "{3715BA06-50B6-4373-A58E-A5BB751E75EB}"
EndProject
Project("{FAE04EC0-301F-11D3-BF4B-00C04F79EFBC}") = "Singleton", "Singleton\Singleton.csproj", "{2994428E-0C8D-4A38-8CA8-F5B540C51613}"
EndProject
Project("{FAE04EC0-301F-11D3-BF4B-00C04F79EFBC}") = "Adapter", "Adapter\Adapter.csproj", "{0538E412-679E-40F5-99AE-9AB5D6862DD3}"
EndProject
Project("{FAE04EC0-301F-11D3-BF4B-00C04F79EFBC}") = "Bridge", "Bridge\Bridge.csproj", "{7E86E9DE-913B-4617-A39A-5CB7C454906F}"
EndProject
Project("{FAE04EC0-301F-11D3-BF4B-00C04F79EFBC}") = "Composite", "Composite\Composite.csproj", "{4D5A5DFB-96D1-4A1E-ABA1-A682FA02747F}"
EndProject
Project("{FAE04EC0-301F-11D3-BF4B-00C04F79EFBC}") = "Decorator", "Decorator\Decorator.csproj", "{4981561C-2BD4-452B-B92F-4B502B82BE42}"
EndProject
Project("{FAE04EC0-301F-11D3-BF4B-00C04F79EFBC}") = "Facade", "Facade\Facade.csproj", "{3205DA6F-2F39-45AD-B422-CD00CFF789B4}"
EndProject
Global
	GlobalSection(SolutionConfigurationPlatforms) = preSolution
		Debug|Any CPU = Debug|Any CPU
		Release|Any CPU = Release|Any CPU
	EndGlobalSection
	GlobalSection(ProjectConfigurationPlatforms) = postSolution
		{B121CFE9-65E0-48E9-BC49-A88D9DC0512F}.Debug|Any CPU.ActiveCfg = Debug|Any CPU
		{B121CFE9-65E0-48E9-BC49-A88D9DC0512F}.Debug|Any CPU.Build.0 = Debug|Any CPU
		{B121CFE9-65E0-48E9-BC49-A88D9DC0512F}.Release|Any CPU.ActiveCfg = Release|Any CPU
		{B121CFE9-65E0-48E9-BC49-A88D9DC0512F}.Release|Any CPU.Build.0 = Release|Any CPU
		{457D0E13-38D0-47DD-8D96-5A4E01CE24E3}.Debug|Any CPU.ActiveCfg = Debug|Any CPU
		{457D0E13-38D0-47DD-8D96-5A4E01CE24E3}.Debug|Any CPU.Build.0 = Debug|Any CPU
		{457D0E13-38D0-47DD-8D96-5A4E01CE24E3}.Release|Any CPU.ActiveCfg = Release|Any CPU
		{457D0E13-38D0-47DD-8D96-5A4E01CE24E3}.Release|Any CPU.Build.0 = Release|Any CPU
		{A78A07F8-9EB4-47D6-BFF3-885AAFCAC4E5}.Debug|Any CPU.ActiveCfg = Debug|Any CPU
		{A78A07F8-9EB4-47D6-BFF3-885AAFCAC4E5}.Debug|Any CPU.Build.0 = Debug|Any CPU
		{A78A07F8-9EB4-47D6-BFF3-885AAFCAC4E5}.Release|Any CPU.ActiveCfg = Release|Any CPU
		{A78A07F8-9EB4-47D6-BFF3-885AAFCAC4E5}.Release|Any CPU.Build.0 = Release|Any CPU
		{3715BA06-50B6-4373-A58E-A5BB751E75EB}.Debug|Any CPU.ActiveCfg = Debug|Any CPU
		{3715BA06-50B6-4373-A58E-A5BB751E75EB}.Debug|Any CPU.Build.0 = Debug|Any CPU
		{3715BA06-50B6-4373-A58E-A5BB751E75EB}.Release|Any CPU.ActiveCfg = Release|Any CPU
		{3715BA06-50B6-4373-A58E-A5BB751E75EB}.Release|Any CPU.Build.0 = Release|Any CPU
		{2994428E-0C8D-4A38-8CA8-F5B540C51613}.Debug|Any CPU.ActiveCfg = Debug|Any CPU
		{2994428E-0C8D-4A38-8CA8-F5B540C51613}.Debug|Any CPU.Build.0 = Debug|Any CPU
		{2994428E-0C8D-4A38-8CA8-F5B540C51613}.Release|Any CPU.ActiveCfg = Release|Any CPU
		{2994428E-0C8D-4A38-8CA8-F5B540C51613}.Release|Any CPU.Build.0 = Release|Any CPU
		{0538E412-679E-40F5-99AE-9AB5D6862DD3}.Debug|Any CPU.ActiveCfg = Debug|Any CPU
		{0538E412-679E-40F5-99AE-9AB5D6862DD3}.Debug|Any CPU.Build.0 = Debug|Any CPU
		{0538E412-679E-40F5-99AE-9AB5D6862DD3}.Release|Any CPU.ActiveCfg = Release|Any CPU
		{0538E412-679E-40F5-99AE-9AB5D6862DD3}.Release|Any CPU.Build.0 = Release|Any CPU
		{7E86E9DE-913B-4617-A39A-5CB7C454906F}.Debug|Any CPU.ActiveCfg = Debug|Any CPU
		{7E86E9DE-913B-4617-A39A-5CB7C454906F}.Debug|Any CPU.Build.0 = Debug|Any CPU
		{7E86E9DE-913B-4617-A39A-5CB7C454906F}.Release|Any CPU.ActiveCfg = Release|Any CPU
		{7E86E9DE-913B-4617-A39A-5CB7C454906F}.Release|Any CPU.Build.0 = Release|Any CPU
		{4D5A5DFB-96D1-4A1E-ABA1-A682FA02747F}.Debug|Any CPU.ActiveCfg = Debug|Any CPU
		{4D5A5DFB-96D1-4A1E-ABA1-A682FA02747F}.Debug|Any CPU.Build.0 = Debug|Any CPU
		{4D5A5DFB-96D1-4A1E-ABA1-A682FA02747F}.Release|Any CPU.ActiveCfg = Release|Any CPU
		{4D5A5DFB-96D1-4A1E-ABA1-A682FA02747F}.Release|Any CPU.Build.0 = Release|Any CPU
		{4981561C-2BD4-452B-B92F-4B502B82BE42}.Debug|Any CPU.ActiveCfg = Debug|Any CPU
		{4981561C-2BD4-452B-B92F-4B502B82BE42}.Debug|Any CPU.Build.0 = Debug|Any CPU
		{4981561C-2BD4-452B-B92F-4B502B82BE42}.Release|Any CPU.ActiveCfg = Release|Any CPU
		{4981561C-2BD4-452B-B92F-4B502B82BE42}.Release|Any CPU.Build.0 = Release|Any CPU
		{3205DA6F-2F39-45AD-B422-CD00CFF789B4}.Debug|Any CPU.ActiveCfg = Debug|Any CPU
		{3205DA6F-2F39-45AD-B422-CD00CFF789B4}.Debug|Any CPU.Build.0 = Debug|Any CPU
		{3205DA6F-2F39-45AD-B422-CD00CFF789B4}.Release|Any CPU.ActiveCfg = Release|Any CPU
		{3205DA6F-2F39-45AD-B422-CD00CFF789B4}.Release|Any CPU.Build.0 = Release|Any CPU
	EndGlobalSection
EndGlobal
